
Microsoft Visual Studio Solution File, Format Version 12.00
# Visual Studio Version 17
VisualStudioVersion = 17.10.34928.147
MinimumVisualStudioVersion = 10.0.40219.1
Project("{FAE04EC0-301F-11D3-BF4B-00C04F79EFBC}") = "CapaPresentacion", "ReparacionesMóvil\CapaPresentacion.csproj", "{85FE97D6-2D5D-4E46-96B3-4414EDF11D5A}"
EndProject
Project("{FAE04EC0-301F-11D3-BF4B-00C04F79EFBC}") = "CapaDatos", "CapaDatos\CapaDatos.csproj", "{1AD24254-0560-4228-A68B-1271DA6BE927}"
EndProject
Project("{FAE04EC0-301F-11D3-BF4B-00C04F79EFBC}") = "CapaNegocio", "CapaNegocio\CapaNegocio.csproj", "{6953943C-987C-42E0-BEC6-FB86A5072BC2}"
EndProject
Global
	GlobalSection(SolutionConfigurationPlatforms) = preSolution
		Debug|Any CPU = Debug|Any CPU
		Release|Any CPU = Release|Any CPU
	EndGlobalSection
	GlobalSection(ProjectConfigurationPlatforms) = postSolution
		{85FE97D6-2D5D-4E46-96B3-4414EDF11D5A}.Debug|Any CPU.ActiveCfg = Debug|Any CPU
		{85FE97D6-2D5D-4E46-96B3-4414EDF11D5A}.Debug|Any CPU.Build.0 = Debug|Any CPU
		{85FE97D6-2D5D-4E46-96B3-4414EDF11D5A}.Release|Any CPU.ActiveCfg = Release|Any CPU
		{85FE97D6-2D5D-4E46-96B3-4414EDF11D5A}.Release|Any CPU.Build.0 = Release|Any CPU
		{1AD24254-0560-4228-A68B-1271DA6BE927}.Debug|Any CPU.ActiveCfg = Debug|Any CPU
		{1AD24254-0560-4228-A68B-1271DA6BE927}.Debug|Any CPU.Build.0 = Debug|Any CPU
		{1AD24254-0560-4228-A68B-1271DA6BE927}.Release|Any CPU.ActiveCfg = Release|Any CPU
		{1AD24254-0560-4228-A68B-1271DA6BE927}.Release|Any CPU.Build.0 = Release|Any CPU
		{6953943C-987C-42E0-BEC6-FB86A5072BC2}.Debug|Any CPU.ActiveCfg = Debug|Any CPU
		{6953943C-987C-42E0-BEC6-FB86A5072BC2}.Debug|Any CPU.Build.0 = Debug|Any CPU
		{6953943C-987C-42E0-BEC6-FB86A5072BC2}.Release|Any CPU.ActiveCfg = Release|Any CPU
		{6953943C-987C-42E0-BEC6-FB86A5072BC2}.Release|Any CPU.Build.0 = Release|Any CPU
	EndGlobalSection
	GlobalSection(SolutionProperties) = preSolution
		HideSolutionNode = FALSE
	EndGlobalSection
	GlobalSection(ExtensibilityGlobals) = postSolution
		SolutionGuid = {1D05E1D8-6BE2-44B7-9C91-292077780E42}
	EndGlobalSection
EndGlobal
